
Microsoft Visual Studio Solution File, Format Version 12.00
# Visual Studio Version 16
VisualStudioVersion = 16.0.31624.102
MinimumVisualStudioVersion = 10.0.40219.1
Project("{8BC9CEB8-8B4A-11D0-8D11-00A0C91BC942}") = "Task1", "Task1\Task1.vcxproj", "{2C7975FA-1B79-47D9-8716-8F309BC805DD}"
EndProject
Project("{8BC9CEB8-8B4A-11D0-8D11-00A0C91BC942}") = "Task2", "Task2\Task2.vcxproj", "{F9FD6D2C-1C68-4F69-91D8-3521821F5D97}"
EndProject
Project("{8BC9CEB8-8B4A-11D0-8D11-00A0C91BC942}") = "Task3", "Task3\Task3.vcxproj", "{75D03A41-6CFC-4689-B611-99C6AC2C8B4C}"
EndProject
Project("{8BC9CEB8-8B4A-11D0-8D11-00A0C91BC942}") = "Task4", "Task4\Task4.vcxproj", "{29DB39D9-FBB1-4424-94FA-380F6A380138}"
EndProject
Project("{8BC9CEB8-8B4A-11D0-8D11-00A0C91BC942}") = "Task5", "Task5\Task5.vcxproj", "{91F3A9D9-0485-49A5-BA5B-2A41058A3A0C}"
EndProject
Project("{8BC9CEB8-8B4A-11D0-8D11-00A0C91BC942}") = "Task6", "Task6\Task6.vcxproj", "{08FEC27C-5161-4723-9322-A21EFAA25733}"
EndProject
Project("{8BC9CEB8-8B4A-11D0-8D11-00A0C91BC942}") = "Task7", "Task7\Task7.vcxproj", "{88B330A9-3BB5-4091-B65D-51FF7475FDAD}"
EndProject
Project("{8BC9CEB8-8B4A-11D0-8D11-00A0C91BC942}") = "Task8", "Task8\Task8.vcxproj", "{3E336516-3488-4474-9FD5-91E458A34D4A}"
EndProject
Project("{8BC9CEB8-8B4A-11D0-8D11-00A0C91BC942}") = "Task9", "Task9\Task9.vcxproj", "{2CA2E3A7-249E-427F-BD03-F2A60EFAA1EF}"
EndProject
Global
	GlobalSection(SolutionConfigurationPlatforms) = preSolution
		Debug|x64 = Debug|x64
		Debug|x86 = Debug|x86
		Release|x64 = Release|x64
		Release|x86 = Release|x86
	EndGlobalSection
	GlobalSection(ProjectConfigurationPlatforms) = postSolution
		{2C7975FA-1B79-47D9-8716-8F309BC805DD}.Debug|x64.ActiveCfg = Debug|x64
		{2C7975FA-1B79-47D9-8716-8F309BC805DD}.Debug|x64.Build.0 = Debug|x64
		{2C7975FA-1B79-47D9-8716-8F309BC805DD}.Debug|x86.ActiveCfg = Debug|Win32
		{2C7975FA-1B79-47D9-8716-8F309BC805DD}.Debug|x86.Build.0 = Debug|Win32
		{2C7975FA-1B79-47D9-8716-8F309BC805DD}.Release|x64.ActiveCfg = Release|x64
		{2C7975FA-1B79-47D9-8716-8F309BC805DD}.Release|x64.Build.0 = Release|x64
		{2C7975FA-1B79-47D9-8716-8F309BC805DD}.Release|x86.ActiveCfg = Release|Win32
		{2C7975FA-1B79-47D9-8716-8F309BC805DD}.Release|x86.Build.0 = Release|Win32
		{F9FD6D2C-1C68-4F69-91D8-3521821F5D97}.Debug|x64.ActiveCfg = Debug|x64
		{F9FD6D2C-1C68-4F69-91D8-3521821F5D97}.Debug|x64.Build.0 = Debug|x64
		{F9FD6D2C-1C68-4F69-91D8-3521821F5D97}.Debug|x86.ActiveCfg = Debug|Win32
		{F9FD6D2C-1C68-4F69-91D8-3521821F5D97}.Debug|x86.Build.0 = Debug|Win32
		{F9FD6D2C-1C68-4F69-91D8-3521821F5D97}.Release|x64.ActiveCfg = Release|x64
		{F9FD6D2C-1C68-4F69-91D8-3521821F5D97}.Release|x64.Build.0 = Release|x64
		{F9FD6D2C-1C68-4F69-91D8-3521821F5D97}.Release|x86.ActiveCfg = Release|Win32
		{F9FD6D2C-1C68-4F69-91D8-3521821F5D97}.Release|x86.Build.0 = Release|Win32
		{75D03A41-6CFC-4689-B611-99C6AC2C8B4C}.Debug|x64.ActiveCfg = Debug|x64
		{75D03A41-6CFC-4689-B611-99C6AC2C8B4C}.Debug|x64.Build.0 = Debug|x64
		{75D03A41-6CFC-4689-B611-99C6AC2C8B4C}.Debug|x86.ActiveCfg = Debug|Win32
		{75D03A41-6CFC-4689-B611-99C6AC2C8B4C}.Debug|x86.Build.0 = Debug|Win32
		{75D03A41-6CFC-4689-B611-99C6AC2C8B4C}.Release|x64.ActiveCfg = Release|x64
		{75D03A41-6CFC-4689-B611-99C6AC2C8B4C}.Release|x64.Build.0 = Release|x64
		{75D03A41-6CFC-4689-B611-99C6AC2C8B4C}.Release|x86.ActiveCfg = Release|Win32
		{75D03A41-6CFC-4689-B611-99C6AC2C8B4C}.Release|x86.Build.0 = Release|Win32
		{29DB39D9-FBB1-4424-94FA-380F6A380138}.Debug|x64.ActiveCfg = Debug|x64
		{29DB39D9-FBB1-4424-94FA-380F6A380138}.Debug|x64.Build.0 = Debug|x64
		{29DB39D9-FBB1-4424-94FA-380F6A380138}.Debug|x86.ActiveCfg = Debug|Win32
		{29DB39D9-FBB1-4424-94FA-380F6A380138}.Debug|x86.Build.0 = Debug|Win32
		{29DB39D9-FBB1-4424-94FA-380F6A380138}.Release|x64.ActiveCfg = Release|x64
		{29DB39D9-FBB1-4424-94FA-380F6A380138}.Release|x64.Build.0 = Release|x64
		{29DB39D9-FBB1-4424-94FA-380F6A380138}.Release|x86.ActiveCfg = Release|Win32
		{29DB39D9-FBB1-4424-94FA-380F6A380138}.Release|x86.Build.0 = Release|Win32
		{91F3A9D9-0485-49A5-BA5B-2A41058A3A0C}.Debug|x64.ActiveCfg = Debug|x64
		{91F3A9D9-0485-49A5-BA5B-2A41058A3A0C}.Debug|x64.Build.0 = Debug|x64
		{91F3A9D9-0485-49A5-BA5B-2A41058A3A0C}.Debug|x86.ActiveCfg = Debug|Win32
		{91F3A9D9-0485-49A5-BA5B-2A41058A3A0C}.Debug|x86.Build.0 = Debug|Win32
		{91F3A9D9-0485-49A5-BA5B-2A41058A3A0C}.Release|x64.ActiveCfg = Release|x64
		{91F3A9D9-0485-49A5-BA5B-2A41058A3A0C}.Release|x64.Build.0 = Release|x64
		{91F3A9D9-0485-49A5-BA5B-2A41058A3A0C}.Release|x86.ActiveCfg = Release|Win32
		{91F3A9D9-0485-49A5-BA5B-2A41058A3A0C}.Release|x86.Build.0 = Release|Win32
		{08FEC27C-5161-4723-9322-A21EFAA25733}.Debug|x64.ActiveCfg = Debug|x64
		{08FEC27C-5161-4723-9322-A21EFAA25733}.Debug|x64.Build.0 = Debug|x64
		{08FEC27C-5161-4723-9322-A21EFAA25733}.Debug|x86.ActiveCfg = Debug|Win32
		{08FEC27C-5161-4723-9322-A21EFAA25733}.Debug|x86.Build.0 = Debug|Win32
		{08FEC27C-5161-4723-9322-A21EFAA25733}.Release|x64.ActiveCfg = Release|x64
		{08FEC27C-5161-4723-9322-A21EFAA25733}.Release|x64.Build.0 = Release|x64
		{08FEC27C-5161-4723-9322-A21EFAA25733}.Release|x86.ActiveCfg = Release|Win32
		{08FEC27C-5161-4723-9322-A21EFAA25733}.Release|x86.Build.0 = Release|Win32
		{88B330A9-3BB5-4091-B65D-51FF7475FDAD}.Debug|x64.ActiveCfg = Debug|x64
		{88B330A9-3BB5-4091-B65D-51FF7475FDAD}.Debug|x64.Build.0 = Debug|x64
		{88B330A9-3BB5-4091-B65D-51FF7475FDAD}.Debug|x86.ActiveCfg = Debug|Win32
		{88B330A9-3BB5-4091-B65D-51FF7475FDAD}.Debug|x86.Build.0 = Debug|Win32
		{88B330A9-3BB5-4091-B65D-51FF7475FDAD}.Release|x64.ActiveCfg = Release|x64
		{88B330A9-3BB5-4091-B65D-51FF7475FDAD}.Release|x64.Build.0 = Release|x64
		{88B330A9-3BB5-4091-B65D-51FF7475FDAD}.Release|x86.ActiveCfg = Release|Win32
		{88B330A9-3BB5-4091-B65D-51FF7475FDAD}.Release|x86.Build.0 = Release|Win32
		{3E336516-3488-4474-9FD5-91E458A34D4A}.Debug|x64.ActiveCfg = Debug|x64
		{3E336516-3488-4474-9FD5-91E458A34D4A}.Debug|x64.Build.0 = Debug|x64
		{3E336516-3488-4474-9FD5-91E458A34D4A}.Debug|x86.ActiveCfg = Debug|Win32
		{3E336516-3488-4474-9FD5-91E458A34D4A}.Debug|x86.Build.0 = Debug|Win32
		{3E336516-3488-4474-9FD5-91E458A34D4A}.Release|x64.ActiveCfg = Release|x64
		{3E336516-3488-4474-9FD5-91E458A34D4A}.Release|x64.Build.0 = Release|x64
		{3E336516-3488-4474-9FD5-91E458A34D4A}.Release|x86.ActiveCfg = Release|Win32
		{3E336516-3488-4474-9FD5-91E458A34D4A}.Release|x86.Build.0 = Release|Win32
		{2CA2E3A7-249E-427F-BD03-F2A60EFAA1EF}.Debug|x64.ActiveCfg = Debug|x64
		{2CA2E3A7-249E-427F-BD03-F2A60EFAA1EF}.Debug|x64.Build.0 = Debug|x64
		{2CA2E3A7-249E-427F-BD03-F2A60EFAA1EF}.Debug|x86.ActiveCfg = Debug|Win32
		{2CA2E3A7-249E-427F-BD03-F2A60EFAA1EF}.Debug|x86.Build.0 = Debug|Win32
		{2CA2E3A7-249E-427F-BD03-F2A60EFAA1EF}.Release|x64.ActiveCfg = Release|x64
		{2CA2E3A7-249E-427F-BD03-F2A60EFAA1EF}.Release|x64.Build.0 = Release|x64
		{2CA2E3A7-249E-427F-BD03-F2A60EFAA1EF}.Release|x86.ActiveCfg = Release|Win32
		{2CA2E3A7-249E-427F-BD03-F2A60EFAA1EF}.Release|x86.Build.0 = Release|Win32
	EndGlobalSection
	GlobalSection(SolutionProperties) = preSolution
		HideSolutionNode = FALSE
	EndGlobalSection
	GlobalSection(ExtensibilityGlobals) = postSolution
		SolutionGuid = {C50079E0-A445-45E3-80B4-0B19501AC39E}
	EndGlobalSection
EndGlobal
